# This file is automatically @generated by Cargo.
# It is not intended for manual editing.
[[package]]
name = "gluten"
version = "0.1.0"
source = "git+https://github.com/carrotflakes/gluten.git#664b4f29135daab1f3e9dd0107922ed562087c6b"

[[package]]
name = "yami"
version = "0.1.0"
dependencies = [
 "gluten 0.1.0 (git+https://github.com/carrotflakes/gluten.git)",
]

[metadata]
"checksum gluten 0.1.0 (git+https://github.com/carrotflakes/gluten.git)" = "<none>"
